{
  "lockfileVersion": 1,
  "configVersion": 1,
  "workspaces": {
    "": {
      "name": "vscode-extension-dev-project",
    },
    "packages/package-a": {
      "name": "package-a",
    },
    "packages/package-b": {
      "name": "package-b",
    },
  },
  "packages": {
    "package-a": ["package-a@workspace:packages/package-a"],

    "package-b": ["package-b@workspace:packages/package-b"],
  }
}
